
Microsoft Visual Studio Solution File, Format Version 12.00
# Visual Studio Version 17
VisualStudioVersion = 17.4.33103.184
MinimumVisualStudioVersion = 10.0.40219.1
Project("{FAE04EC0-301F-11D3-BF4B-00C04F79EFBC}") = "AreaTrianguloForms", "AreaTrianguloForms\AreaTrianguloForms.csproj", "{A9AD4E35-F7BF-4DBC-8F3A-0D9E131C77FE}"
EndProject
Global
	GlobalSection(SolutionConfigurationPlatforms) = preSolution
		Debug|Any CPU = Debug|Any CPU
		Release|Any CPU = Release|Any CPU
	EndGlobalSection
	GlobalSection(ProjectConfigurationPlatforms) = postSolution
		{A9AD4E35-F7BF-4DBC-8F3A-0D9E131C77FE}.Debug|Any CPU.ActiveCfg = Debug|Any CPU
		{A9AD4E35-F7BF-4DBC-8F3A-0D9E131C77FE}.Debug|Any CPU.Build.0 = Debug|Any CPU
		{A9AD4E35-F7BF-4DBC-8F3A-0D9E131C77FE}.Release|Any CPU.ActiveCfg = Release|Any CPU
		{A9AD4E35-F7BF-4DBC-8F3A-0D9E131C77FE}.Release|Any CPU.Build.0 = Release|Any CPU
	EndGlobalSection
	GlobalSection(SolutionProperties) = preSolution
		HideSolutionNode = FALSE
	EndGlobalSection
	GlobalSection(ExtensibilityGlobals) = postSolution
		SolutionGuid = {808001EF-A60E-4765-84E6-825D5558CCE0}
	EndGlobalSection
EndGlobal
